{
  "name": "agnthive",
  "version": "0.1.0",
  "lockfileVersion": 3,
  "requires": true,
  "packages": {
    "": {
      "name": "agnthive",
      "version": "0.1.0",
      "license": "MIT",
      "workspaces": [
        "plugins/*"
      ],
      "engines": {
        "node": ">=22"
      }
    },
    "node_modules/agnthive-plugin": {
      "resolved": "plugins/agnthive",
      "link": true
    },
    "plugins/agnthive": {
      "name": "agnthive-plugin",
      "version": "0.1.0",
      "license": "MIT",
      "engines": {
        "node": ">=22"
      }
    }
  }
}
